
Microsoft Visual Studio Solution File, Format Version 12.00
# Visual Studio 2013
VisualStudioVersion = 12.0.40629.0
MinimumVisualStudioVersion = 10.0.40219.1
Project("{FAE04EC0-301F-11D3-BF4B-00C04F79EFBC}") = "Poisk", "Poisk\Poisk.csproj", "{BA5E1A8A-843B-4D72-9C8D-70895BD07825}"
EndProject
Project("{FAE04EC0-301F-11D3-BF4B-00C04F79EFBC}") = "Poisk.Core", "Poisk.Core\Poisk.Core.csproj", "{B4FF400B-4340-4E68-B09E-FA4D0379F741}"
EndProject
Global
	GlobalSection(SolutionConfigurationPlatforms) = preSolution
		Debug|Any CPU = Debug|Any CPU
		Release|Any CPU = Release|Any CPU
	EndGlobalSection
	GlobalSection(ProjectConfigurationPlatforms) = postSolution
		{BA5E1A8A-843B-4D72-9C8D-70895BD07825}.Debug|Any CPU.ActiveCfg = Debug|Any CPU
		{BA5E1A8A-843B-4D72-9C8D-70895BD07825}.Debug|Any CPU.Build.0 = Debug|Any CPU
		{BA5E1A8A-843B-4D72-9C8D-70895BD07825}.Release|Any CPU.ActiveCfg = Release|Any CPU
		{BA5E1A8A-843B-4D72-9C8D-70895BD07825}.Release|Any CPU.Build.0 = Release|Any CPU
		{B4FF400B-4340-4E68-B09E-FA4D0379F741}.Debug|Any CPU.ActiveCfg = Debug|Any CPU
		{B4FF400B-4340-4E68-B09E-FA4D0379F741}.Debug|Any CPU.Build.0 = Debug|Any CPU
		{B4FF400B-4340-4E68-B09E-FA4D0379F741}.Release|Any CPU.ActiveCfg = Release|Any CPU
		{B4FF400B-4340-4E68-B09E-FA4D0379F741}.Release|Any CPU.Build.0 = Release|Any CPU
	EndGlobalSection
	GlobalSection(SolutionProperties) = preSolution
		HideSolutionNode = FALSE
	EndGlobalSection
EndGlobal
